
Microsoft Visual Studio Solution File, Format Version 12.00
# Visual Studio Version 16
VisualStudioVersion = 16.0.28803.156
MinimumVisualStudioVersion = 10.0.40219.1
Project("{9A19103F-16F7-4668-BE54-9A1E7A4F7556}") = "SF.Core", "..\SF.Core\SF.Core\SF.Core.csproj", "{D9D34636-6250-417A-B04C-6FA479B39496}"
EndProject
Project("{9A19103F-16F7-4668-BE54-9A1E7A4F7556}") = "AudioSpriter", "AudioSpriter\AudioSpriter.csproj", "{8D2DAAC8-1629-4F80-88DF-6DB37A18BF5D}"
EndProject
Global
	GlobalSection(SolutionConfigurationPlatforms) = preSolution
		Debug|Any CPU = Debug|Any CPU
		Release|Any CPU = Release|Any CPU
	EndGlobalSection
	GlobalSection(ProjectConfigurationPlatforms) = postSolution
		{D9D34636-6250-417A-B04C-6FA479B39496}.Debug|Any CPU.ActiveCfg = Debug|Any CPU
		{D9D34636-6250-417A-B04C-6FA479B39496}.Debug|Any CPU.Build.0 = Debug|Any CPU
		{D9D34636-6250-417A-B04C-6FA479B39496}.Release|Any CPU.ActiveCfg = Release|Any CPU
		{D9D34636-6250-417A-B04C-6FA479B39496}.Release|Any CPU.Build.0 = Release|Any CPU
		{8D2DAAC8-1629-4F80-88DF-6DB37A18BF5D}.Debug|Any CPU.ActiveCfg = Debug|Any CPU
		{8D2DAAC8-1629-4F80-88DF-6DB37A18BF5D}.Debug|Any CPU.Build.0 = Debug|Any CPU
		{8D2DAAC8-1629-4F80-88DF-6DB37A18BF5D}.Release|Any CPU.ActiveCfg = Release|Any CPU
		{8D2DAAC8-1629-4F80-88DF-6DB37A18BF5D}.Release|Any CPU.Build.0 = Release|Any CPU
	EndGlobalSection
	GlobalSection(SolutionProperties) = preSolution
		HideSolutionNode = FALSE
	EndGlobalSection
	GlobalSection(ExtensibilityGlobals) = postSolution
		SolutionGuid = {08D24DF5-AAE5-422C-B091-2486F6064909}
	EndGlobalSection
EndGlobal
